# THIS IS AN AUTOGENERATED FILE. DO NOT EDIT THIS FILE DIRECTLY.
# yarn lockfile v1


"@aws-crypto/sha256-browser@5.2.0":
  version "5.2.0"
  resolved "https://registry.npmjs.org/@aws-crypto/sha256-browser/-/sha256-browser-5.2.0.tgz"
  integrity sha512-AXfN/lGotSQwu6HNcEsIASo7kWXZ5HYWvfOmSNKDsEqC4OashTp8alTmaz+F7TC2L083SFv5RdB+qU3Vs1kZqw==
  dependencies:
    "@aws-crypto/sha256-js" "^5.2.0"
    "@aws-crypto/supports-web-crypto" "^5.2.0"
    "@aws-crypto/util" "^5.2.0"
    "@aws-sdk/types" "^3.222.0"
    "@aws-sdk/util-locate-window" "^3.0.0"
    "@smithy/util-utf8" "^2.0.0"
    tslib "^2.6.2"

"@aws-crypto/sha256-js@5.2.0", "@aws-crypto/sha256-js@^5.2.0":
  version "5.2.0"
  resolved "https://registry.npmjs.org/@aws-crypto/sha256-js/-/sha256-js-5.2.0.tgz"
  integrity sha512-FFQQyu7edu4ufvIZ+OadFpHHOt+eSTBaYaki44c+akjg7qZg9oOQeLlk77F6tSYqjDAFClrHJk9tMf0HdVyOvA==
  dependencies:
    "@aws-crypto/util" "^5.2.0"
    "@aws-sdk/types" "^3.222.0"
    tslib "^2.6.2"

"@aws-crypto/supports-web-crypto@^5.2.0":
  version "5.2.0"
  resolved "https://registry.npmjs.org/@aws-crypto/supports-web-crypto/-/supports-web-crypto-5.2.0.tgz"
  integrity sha512-iAvUotm021kM33eCdNfwIN//F77/IADDSs58i+MDaOqFrVjZo9bAal0NK7HurRuWLLpF1iLX7gbWrjHjeo+YFg==
  dependencies:
    tslib "^2.6.2"

"@aws-crypto/util@^5.2.0":
  version "5.2.0"
  resolved "https://registry.npmjs.org/@aws-crypto/util/-/util-5.2.0.tgz"
  integrity sha512-4RkU9EsI6ZpBve5fseQlGNUWKMa1RLPQ1dnjnQoe07ldfIzcsGb5hC5W0Dm7u423KWzawlrpbjXBrXCEv9zazQ==
  dependencies:
    "@aws-sdk/types" "^3.222.0"
    "@smithy/util-utf8" "^2.0.0"
    tslib "^2.6.2"

"@aws-sdk/client-secrets-manager@^3.0.0":
  version "3.844.0"
  resolved "https://registry.npmjs.org/@aws-sdk/client-secrets-manager/-/client-secrets-manager-3.844.0.tgz"
  integrity sha512-gAReLhaSopLT4wjN7teSXNBptEem8KFxxmE1cMB+W0I087ZYiH2Fycn+TXQrMagc2ykoqYIdO+cZPJXIvnw0RA==
  dependencies:
    "@aws-crypto/sha256-browser" "5.2.0"
    "@aws-crypto/sha256-js" "5.2.0"
    "@aws-sdk/core" "3.844.0"
    "@aws-sdk/credential-provider-node" "3.844.0"
    "@aws-sdk/middleware-host-header" "3.840.0"
    "@aws-sdk/middleware-logger" "3.840.0"
    "@aws-sdk/middleware-recursion-detection" "3.840.0"
    "@aws-sdk/middleware-user-agent" "3.844.0"
    "@aws-sdk/region-config-resolver" "3.840.0"
    "@aws-sdk/types" "3.840.0"
    "@aws-sdk/util-endpoints" "3.844.0"
    "@aws-sdk/util-user-agent-browser" "3.840.0"
    "@aws-sdk/util-user-agent-node" "3.844.0"
    "@smithy/config-resolver" "^4.1.4"
    "@smithy/core" "^3.7.0"
    "@smithy/fetch-http-handler" "^5.1.0"
    "@smithy/hash-node" "^4.0.4"
    "@smithy/invalid-dependency" "^4.0.4"
    "@smithy/middleware-content-length" "^4.0.4"
    "@smithy/middleware-endpoint" "^4.1.14"
    "@smithy/middleware-retry" "^4.1.15"
    "@smithy/middleware-serde" "^4.0.8"
    "@smithy/middleware-stack" "^4.0.4"
    "@smithy/node-config-provider" "^4.1.3"
    "@smithy/node-http-handler" "^4.1.0"
    "@smithy/protocol-http" "^5.1.2"
    "@smithy/smithy-client" "^4.4.6"
    "@smithy/types" "^4.3.1"
    "@smithy/url-parser" "^4.0.4"
    "@smithy/util-base64" "^4.0.0"
    "@smithy/util-body-length-browser" "^4.0.0"
    "@smithy/util-body-length-node" "^4.0.0"
    "@smithy/util-defaults-mode-browser" "^4.0.22"
    "@smithy/util-defaults-mode-node" "^4.0.22"
    "@smithy/util-endpoints" "^3.0.6"
    "@smithy/util-middleware" "^4.0.4"
    "@smithy/util-retry" "^4.0.6"
    "@smithy/util-utf8" "^4.0.0"
    "@types/uuid" "^9.0.1"
    tslib "^2.6.2"
    uuid "^9.0.1"

"@aws-sdk/client-sso@3.844.0":
  version "3.844.0"
  resolved "https://registry.npmjs.org/@aws-sdk/client-sso/-/client-sso-3.844.0.tgz"
  integrity sha512-FktodSx+pfUfIqMjoNwZ6t1xqq/G3cfT7I4JJ0HKHoIIZdoCHQB52x0OzKDtHDJAnEQPInasdPS8PorZBZtHmg==
  dependencies:
    "@aws-crypto/sha256-browser" "5.2.0"
    "@aws-crypto/sha256-js" "5.2.0"
    "@aws-sdk/core" "3.844.0"
    "@aws-sdk/middleware-host-header" "3.840.0"
    "@aws-sdk/middleware-logger" "3.840.0"
    "@aws-sdk/middleware-recursion-detection" "3.840.0"
    "@aws-sdk/middleware-user-agent" "3.844.0"
    "@aws-sdk/region-config-resolver" "3.840.0"
    "@aws-sdk/types" "3.840.0"
    "@aws-sdk/util-endpoints" "3.844.0"
    "@aws-sdk/util-user-agent-browser" "3.840.0"
    "@aws-sdk/util-user-agent-node" "3.844.0"
    "@smithy/config-resolver" "^4.1.4"
    "@smithy/core" "^3.7.0"
    "@smithy/fetch-http-handler" "^5.1.0"
    "@smithy/hash-node" "^4.0.4"
    "@smithy/invalid-dependency" "^4.0.4"
    "@smithy/middleware-content-length" "^4.0.4"
    "@smithy/middleware-endpoint" "^4.1.14"
    "@smithy/middleware-retry" "^4.1.15"
    "@smithy/middleware-serde" "^4.0.8"
    "@smithy/middleware-stack" "^4.0.4"
    "@smithy/node-config-provider" "^4.1.3"
    "@smithy/node-http-handler" "^4.1.0"
    "@smithy/protocol-http" "^5.1.2"
    "@smithy/smithy-client" "^4.4.6"
    "@smithy/types" "^4.3.1"
    "@smithy/url-parser" "^4.0.4"
    "@smithy/util-base64" "^4.0.0"
    "@smithy/util-body-length-browser" "^4.0.0"
    "@smithy/util-body-length-node" "^4.0.0"
    "@smithy/util-defaults-mode-browser" "^4.0.22"
    "@smithy/util-defaults-mode-node" "^4.0.22"
    "@smithy/util-endpoints" "^3.0.6"
    "@smithy/util-middleware" "^4.0.4"
    "@smithy/util-retry" "^4.0.6"
    "@smithy/util-utf8" "^4.0.0"
    tslib "^2.6.2"

"@aws-sdk/core@3.844.0":
  version "3.844.0"
  resolved "https://registry.npmjs.org/@aws-sdk/core/-/core-3.844.0.tgz"
  integrity sha512-pfpI54bG5Xf2NkqrDBC2REStXlDXNCw/whORhkEs+Tp5exU872D5QKguzjPA6hH+8Pvbq1qgt5zXMbduISTHJw==
  dependencies:
    "@aws-sdk/types" "3.840.0"
    "@aws-sdk/xml-builder" "3.821.0"
    "@smithy/core" "^3.7.0"
    "@smithy/node-config-provider" "^4.1.3"
    "@smithy/property-provider" "^4.0.4"
    "@smithy/protocol-http" "^5.1.2"
    "@smithy/signature-v4" "^5.1.2"
    "@smithy/smithy-client" "^4.4.6"
    "@smithy/types" "^4.3.1"
    "@smithy/util-base64" "^4.0.0"
    "@smithy/util-body-length-browser" "^4.0.0"
    "@smithy/util-middleware" "^4.0.4"
    "@smithy/util-utf8" "^4.0.0"
    fast-xml-parser "5.2.5"
    tslib "^2.6.2"

"@aws-sdk/credential-provider-env@3.844.0":
  version "3.844.0"
  resolved "https://registry.npmjs.org/@aws-sdk/credential-provider-env/-/credential-provider-env-3.844.0.tgz"
  integrity sha512-WB94Ox86MqcZ4CnRjKgopzaSuZH4hMP0GqdOxG4s1it1lRWOIPOHOC1dPiM0Zbj1uqITIhbXUQVXyP/uaJeNkw==
  dependencies:
    "@aws-sdk/core" "3.844.0"
    "@aws-sdk/types" "3.840.0"
    "@smithy/property-provider" "^4.0.4"
    "@smithy/types" "^4.3.1"
    tslib "^2.6.2"

"@aws-sdk/credential-provider-http@3.844.0":
  version "3.844.0"
  resolved "https://registry.npmjs.org/@aws-sdk/credential-provider-http/-/credential-provider-http-3.844.0.tgz"
  integrity sha512-e+efVqfkhpM8zxYeiLNgTUlX+tmtXzVm3bw1A02U9Z9cWBHyQNb8pi90M7QniLoqRURY1B0C2JqkOE61gd4KNg==
  dependencies:
    "@aws-sdk/core" "3.844.0"
    "@aws-sdk/types" "3.840.0"
    "@smithy/fetch-http-handler" "^5.1.0"
    "@smithy/node-http-handler" "^4.1.0"
    "@smithy/property-provider" "^4.0.4"
    "@smithy/protocol-http" "^5.1.2"
    "@smithy/smithy-client" "^4.4.6"
    "@smithy/types" "^4.3.1"
    "@smithy/util-stream" "^4.2.3"
    tslib "^2.6.2"

"@aws-sdk/credential-provider-ini@3.844.0":
  version "3.844.0"
  resolved "https://registry.npmjs.org/@aws-sdk/credential-provider-ini/-/credential-provider-ini-3.844.0.tgz"
  integrity sha512-jc5ArGz2HfAx5QPXD+Ep36+QWyCKzl2TG6Vtl87/vljfLhVD0gEHv8fRsqWEp3Rc6hVfKnCjLW5ayR2HYcow9w==
  dependencies:
    "@aws-sdk/core" "3.844.0"
    "@aws-sdk/credential-provider-env" "3.844.0"
    "@aws-sdk/credential-provider-http" "3.844.0"
    "@aws-sdk/credential-provider-process" "3.844.0"
    "@aws-sdk/credential-provider-sso" "3.844.0"
    "@aws-sdk/credential-provider-web-identity" "3.844.0"
    "@aws-sdk/nested-clients" "3.844.0"
    "@aws-sdk/types" "3.840.0"
    "@smithy/credential-provider-imds" "^4.0.6"
    "@smithy/property-provider" "^4.0.4"
    "@smithy/shared-ini-file-loader" "^4.0.4"
    "@smithy/types" "^4.3.1"
    tslib "^2.6.2"

"@aws-sdk/credential-provider-node@3.844.0":
  version "3.844.0"
  resolved "https://registry.npmjs.org/@aws-sdk/credential-provider-node/-/credential-provider-node-3.844.0.tgz"
  integrity sha512-pUqB0StTNyW0R03XjTA3wrQZcie/7FJKSXlYHue921ZXuhLOZpzyDkLNfdRsZTcEoYYWVPSmyS+Eu/g5yVsBNA==
  dependencies:
    "@aws-sdk/credential-provider-env" "3.844.0"
    "@aws-sdk/credential-provider-http" "3.844.0"
    "@aws-sdk/credential-provider-ini" "3.844.0"
    "@aws-sdk/credential-provider-process" "3.844.0"
    "@aws-sdk/credential-provider-sso" "3.844.0"
    "@aws-sdk/credential-provider-web-identity" "3.844.0"
    "@aws-sdk/types" "3.840.0"
    "@smithy/credential-provider-imds" "^4.0.6"
    "@smithy/property-provider" "^4.0.4"
    "@smithy/shared-ini-file-loader" "^4.0.4"
    "@smithy/types" "^4.3.1"
    tslib "^2.6.2"

"@aws-sdk/credential-provider-process@3.844.0":
  version "3.844.0"
  resolved "https://registry.npmjs.org/@aws-sdk/credential-provider-process/-/credential-provider-process-3.844.0.tgz"
  integrity sha512-VCI8XvIDt2WBfk5Gi/wXKPcWTS3OkAbovB66oKcNQalllH8ESDg4SfLNhchdnN8A5sDGj6tIBJ19nk+dQ6GaqQ==
  dependencies:
    "@aws-sdk/core" "3.844.0"
    "@aws-sdk/types" "3.840.0"
    "@smithy/property-provider" "^4.0.4"
    "@smithy/shared-ini-file-loader" "^4.0.4"
    "@smithy/types" "^4.3.1"
    tslib "^2.6.2"

"@aws-sdk/credential-provider-sso@3.844.0":
  version "3.844.0"
  resolved "https://registry.npmjs.org/@aws-sdk/credential-provider-sso/-/credential-provider-sso-3.844.0.tgz"
  integrity sha512-UNp/uWufGlb5nWa4dpc6uQnDOB/9ysJJFG95ACowNVL9XWfi1LJO7teKrqNkVhq0CzSJS1tCt3FvX4UfM+aN1g==
  dependencies:
    "@aws-sdk/client-sso" "3.844.0"
    "@aws-sdk/core" "3.844.0"
    "@aws-sdk/token-providers" "3.844.0"
    "@aws-sdk/types" "3.840.0"
    "@smithy/property-provider" "^4.0.4"
    "@smithy/shared-ini-file-loader" "^4.0.4"
    "@smithy/types" "^4.3.1"
    tslib "^2.6.2"

"@aws-sdk/credential-provider-web-identity@3.844.0":
  version "3.844.0"
  resolved "https://registry.npmjs.org/@aws-sdk/credential-provider-web-identity/-/credential-provider-web-identity-3.844.0.tgz"
  integrity sha512-iDmX4pPmatjttIScdspZRagaFnCjpHZIEEwTyKdXxUaU0iAOSXF8ecrCEvutETvImPOC86xdrq+MPacJOnMzUA==
  dependencies:
    "@aws-sdk/core" "3.844.0"
    "@aws-sdk/nested-clients" "3.844.0"
    "@aws-sdk/types" "3.840.0"
    "@smithy/property-provider" "^4.0.4"
    "@smithy/types" "^4.3.1"
    tslib "^2.6.2"

"@aws-sdk/middleware-host-header@3.840.0":
  version "3.840.0"
  resolved "https://registry.npmjs.org/@aws-sdk/middleware-host-header/-/middleware-host-header-3.840.0.tgz"
  integrity sha512-ub+hXJAbAje94+Ya6c6eL7sYujoE8D4Bumu1NUI8TXjUhVVn0HzVWQjpRLshdLsUp1AW7XyeJaxyajRaJQ8+Xg==
  dependencies:
    "@aws-sdk/types" "3.840.0"
    "@smithy/protocol-http" "^5.1.2"
    "@smithy/types" "^4.3.1"
    tslib "^2.6.2"

"@aws-sdk/middleware-logger@3.840.0":
  version "3.840.0"
  resolved "https://registry.npmjs.org/@aws-sdk/middleware-logger/-/middleware-logger-3.840.0.tgz"
  integrity sha512-lSV8FvjpdllpGaRspywss4CtXV8M7NNNH+2/j86vMH+YCOZ6fu2T/TyFd/tHwZ92vDfHctWkRbQxg0bagqwovA==
  dependencies:
    "@aws-sdk/types" "3.840.0"
    "@smithy/types" "^4.3.1"
    tslib "^2.6.2"

"@aws-sdk/middleware-recursion-detection@3.840.0":
  version "3.840.0"
  resolved "https://registry.npmjs.org/@aws-sdk/middleware-recursion-detection/-/middleware-recursion-detection-3.840.0.tgz"
  integrity sha512-Gu7lGDyfddyhIkj1Z1JtrY5NHb5+x/CRiB87GjaSrKxkDaydtX2CU977JIABtt69l9wLbcGDIQ+W0uJ5xPof7g==
  dependencies:
    "@aws-sdk/types" "3.840.0"
    "@smithy/protocol-http" "^5.1.2"
    "@smithy/types" "^4.3.1"
    tslib "^2.6.2"

"@aws-sdk/middleware-user-agent@3.844.0":
  version "3.844.0"
  resolved "https://registry.npmjs.org/@aws-sdk/middleware-user-agent/-/middleware-user-agent-3.844.0.tgz"
  integrity sha512-SIbDNUL6ZYXPj5Tk0qEz05sW9kNS1Gl3/wNWEmH+AuUACipkyIeKKWzD6z5433MllETh73vtka/JQF3g7AuZww==
  dependencies:
    "@aws-sdk/core" "3.844.0"
    "@aws-sdk/types" "3.840.0"
    "@aws-sdk/util-endpoints" "3.844.0"
    "@smithy/core" "^3.7.0"
    "@smithy/protocol-http" "^5.1.2"
    "@smithy/types" "^4.3.1"
    tslib "^2.6.2"

"@aws-sdk/nested-clients@3.844.0":
  version "3.844.0"
  resolved "https://registry.npmjs.org/@aws-sdk/nested-clients/-/nested-clients-3.844.0.tgz"
  integrity sha512-p2XILWc7AcevUSpBg2VtQrk79eWQC4q2JsCSY7HxKpFLZB4mMOfmiTyYkR1gEA6AttK/wpCOtfz+hi1/+z2V1A==
  dependencies:
    "@aws-crypto/sha256-browser" "5.2.0"
    "@aws-crypto/sha256-js" "5.2.0"
    "@aws-sdk/core" "3.844.0"
    "@aws-sdk/middleware-host-header" "3.840.0"
    "@aws-sdk/middleware-logger" "3.840.0"
    "@aws-sdk/middleware-recursion-detection" "3.840.0"
    "@aws-sdk/middleware-user-agent" "3.844.0"
    "@aws-sdk/region-config-resolver" "3.840.0"
    "@aws-sdk/types" "3.840.0"
    "@aws-sdk/util-endpoints" "3.844.0"
    "@aws-sdk/util-user-agent-browser" "3.840.0"
    "@aws-sdk/util-user-agent-node" "3.844.0"
    "@smithy/config-resolver" "^4.1.4"
    "@smithy/core" "^3.7.0"
    "@smithy/fetch-http-handler" "^5.1.0"
    "@smithy/hash-node" "^4.0.4"
    "@smithy/invalid-dependency" "^4.0.4"
    "@smithy/middleware-content-length" "^4.0.4"
    "@smithy/middleware-endpoint" "^4.1.14"
    "@smithy/middleware-retry" "^4.1.15"
    "@smithy/middleware-serde" "^4.0.8"
    "@smithy/middleware-stack" "^4.0.4"
    "@smithy/node-config-provider" "^4.1.3"
    "@smithy/node-http-handler" "^4.1.0"
    "@smithy/protocol-http" "^5.1.2"
    "@smithy/smithy-client" "^4.4.6"
    "@smithy/types" "^4.3.1"
    "@smithy/url-parser" "^4.0.4"
    "@smithy/util-base64" "^4.0.0"
    "@smithy/util-body-length-browser" "^4.0.0"
    "@smithy/util-body-length-node" "^4.0.0"
    "@smithy/util-defaults-mode-browser" "^4.0.22"
    "@smithy/util-defaults-mode-node" "^4.0.22"
    "@smithy/util-endpoints" "^3.0.6"
    "@smithy/util-middleware" "^4.0.4"
    "@smithy/util-retry" "^4.0.6"
    "@smithy/util-utf8" "^4.0.0"
    tslib "^2.6.2"

"@aws-sdk/region-config-resolver@3.840.0":
  version "3.840.0"
  resolved "https://registry.npmjs.org/@aws-sdk/region-config-resolver/-/region-config-resolver-3.840.0.tgz"
  integrity sha512-Qjnxd/yDv9KpIMWr90ZDPtRj0v75AqGC92Lm9+oHXZ8p1MjG5JE2CW0HL8JRgK9iKzgKBL7pPQRXI8FkvEVfrA==
  dependencies:
    "@aws-sdk/types" "3.840.0"
    "@smithy/node-config-provider" "^4.1.3"
    "@smithy/types" "^4.3.1"
    "@smithy/util-config-provider" "^4.0.0"
    "@smithy/util-middleware" "^4.0.4"
    tslib "^2.6.2"

"@aws-sdk/token-providers@3.844.0":
  version "3.844.0"
  resolved "https://registry.npmjs.org/@aws-sdk/token-providers/-/token-providers-3.844.0.tgz"
  integrity sha512-Kh728FEny0fil+LeH8U1offPJCTd/EDh8liBAvLtViLHt2WoX2xC8rk98D38Q5p79aIUhHb3Pf4n9IZfTu/Kog==
  dependencies:
    "@aws-sdk/core" "3.844.0"
    "@aws-sdk/nested-clients" "3.844.0"
    "@aws-sdk/types" "3.840.0"
    "@smithy/property-provider" "^4.0.4"
    "@smithy/shared-ini-file-loader" "^4.0.4"
    "@smithy/types" "^4.3.1"
    tslib "^2.6.2"

"@aws-sdk/types@3.840.0", "@aws-sdk/types@^3.222.0":
  version "3.840.0"
  resolved "https://registry.npmjs.org/@aws-sdk/types/-/types-3.840.0.tgz"
  integrity sha512-xliuHaUFZxEx1NSXeLLZ9Dyu6+EJVQKEoD+yM+zqUo3YDZ7medKJWY6fIOKiPX/N7XbLdBYwajb15Q7IL8KkeA==
  dependencies:
    "@smithy/types" "^4.3.1"
    tslib "^2.6.2"

"@aws-sdk/util-endpoints@3.844.0":
  version "3.844.0"
  resolved "https://registry.npmjs.org/@aws-sdk/util-endpoints/-/util-endpoints-3.844.0.tgz"
  integrity sha512-1DHh0WTUmxlysz3EereHKtKoxVUG9UC5BsfAw6Bm4/6qDlJiqtY3oa2vebkYN23yltKdfsCK65cwnBRU59mWVg==
  dependencies:
    "@aws-sdk/types" "3.840.0"
    "@smithy/types" "^4.3.1"
    "@smithy/url-parser" "^4.0.4"
    "@smithy/util-endpoints" "^3.0.6"
    tslib "^2.6.2"

"@aws-sdk/util-locate-window@^3.0.0":
  version "3.804.0"
  resolved "https://registry.npmjs.org/@aws-sdk/util-locate-window/-/util-locate-window-3.804.0.tgz"
  integrity sha512-zVoRfpmBVPodYlnMjgVjfGoEZagyRF5IPn3Uo6ZvOZp24chnW/FRstH7ESDHDDRga4z3V+ElUQHKpFDXWyBW5A==
  dependencies:
    tslib "^2.6.2"

"@aws-sdk/util-user-agent-browser@3.840.0":
  version "3.840.0"
  resolved "https://registry.npmjs.org/@aws-sdk/util-user-agent-browser/-/util-user-agent-browser-3.840.0.tgz"
  integrity sha512-JdyZM3EhhL4PqwFpttZu1afDpPJCCc3eyZOLi+srpX11LsGj6sThf47TYQN75HT1CarZ7cCdQHGzP2uy3/xHfQ==
  dependencies:
    "@aws-sdk/types" "3.840.0"
    "@smithy/types" "^4.3.1"
    bowser "^2.11.0"
    tslib "^2.6.2"

"@aws-sdk/util-user-agent-node@3.844.0":
  version "3.844.0"
  resolved "https://registry.npmjs.org/@aws-sdk/util-user-agent-node/-/util-user-agent-node-3.844.0.tgz"
  integrity sha512-0eTpURp9Gxbyyeqr78ogARZMSWS5KUMZuN+XMHxNpQLmn2S+J3g+MAyoklCcwhKXlbdQq2aMULEiy0mqIWytuw==
  dependencies:
    "@aws-sdk/middleware-user-agent" "3.844.0"
    "@aws-sdk/types" "3.840.0"
    "@smithy/node-config-provider" "^4.1.3"
    "@smithy/types" "^4.3.1"
    tslib "^2.6.2"

"@aws-sdk/xml-builder@3.821.0":
  version "3.821.0"
  resolved "https://registry.npmjs.org/@aws-sdk/xml-builder/-/xml-builder-3.821.0.tgz"
  integrity sha512-DIIotRnefVL6DiaHtO6/21DhJ4JZnnIwdNbpwiAhdt/AVbttcE4yw925gsjur0OGv5BTYXQXU3YnANBYnZjuQA==
  dependencies:
    "@smithy/types" "^4.3.1"
    tslib "^2.6.2"

"@biomejs/biome@2.1.1":
  version "2.1.1"
  resolved "https://registry.npmjs.org/@biomejs/biome/-/biome-2.1.1.tgz"
  integrity sha512-HFGYkxG714KzG+8tvtXCJ1t1qXQMzgWzfvQaUjxN6UeKv+KvMEuliInnbZLJm6DXFXwqVi6446EGI0sGBLIYng==
  optionalDependencies:
    "@biomejs/cli-darwin-arm64" "2.1.1"
    "@biomejs/cli-darwin-x64" "2.1.1"
    "@biomejs/cli-linux-arm64" "2.1.1"
    "@biomejs/cli-linux-arm64-musl" "2.1.1"
    "@biomejs/cli-linux-x64" "2.1.1"
    "@biomejs/cli-linux-x64-musl" "2.1.1"
    "@biomejs/cli-win32-arm64" "2.1.1"
    "@biomejs/cli-win32-x64" "2.1.1"

"@biomejs/cli-darwin-arm64@2.1.1":
  version "2.1.1"
  resolved "https://registry.npmjs.org/@biomejs/cli-darwin-arm64/-/cli-darwin-arm64-2.1.1.tgz"
  integrity sha512-2Muinu5ok4tWxq4nu5l19el48cwCY/vzvI7Vjbkf3CYIQkjxZLyj0Ad37Jv2OtlXYaLvv+Sfu1hFeXt/JwRRXQ==

"@biomejs/cli-darwin-x64@2.1.1":
  version "2.1.1"
  resolved "https://registry.yarnpkg.com/@biomejs/cli-darwin-x64/-/cli-darwin-x64-2.1.1.tgz#47a066b0fc5251be2f244ff9660edb3e4c272886"
  integrity sha512-cC8HM5lrgKQXLAK+6Iz2FrYW5A62pAAX6KAnRlEyLb+Q3+Kr6ur/sSuoIacqlp1yvmjHJqjYfZjPvHWnqxoEIA==

"@biomejs/cli-linux-arm64-musl@2.1.1":
  version "2.1.1"
  resolved "https://registry.yarnpkg.com/@biomejs/cli-linux-arm64-musl/-/cli-linux-arm64-musl-2.1.1.tgz#c4f0aa5cc290b35942361379084f731ddc5a596b"
  integrity sha512-/7FBLnTswu4jgV9ttI3AMIdDGqVEPIZd8I5u2D4tfCoj8rl9dnjrEQbAIDlWhUXdyWlFSz8JypH3swU9h9P+2A==

"@biomejs/cli-linux-arm64@2.1.1":
  version "2.1.1"
  resolved "https://registry.yarnpkg.com/@biomejs/cli-linux-arm64/-/cli-linux-arm64-2.1.1.tgz#926b0470a67ed5382e51aa6c7635b29473ee2619"
  integrity sha512-tw4BEbhAUkWPe4WBr6IX04DJo+2jz5qpPzpW/SWvqMjb9QuHY8+J0M23V8EPY/zWU4IG8Ui0XESapR1CB49Q7g==

"@biomejs/cli-linux-x64-musl@2.1.1":
  version "2.1.1"
  resolved "https://registry.yarnpkg.com/@biomejs/cli-linux-x64-musl/-/cli-linux-x64-musl-2.1.1.tgz#7c9d2cd612647c314fcd0c340f96d6c8f79ec1bd"
  integrity sha512-kUu+loNI3OCD2c12cUt7M5yaaSjDnGIksZwKnueubX6c/HWUyi/0mPbTBHR49Me3F0KKjWiKM+ZOjsmC+lUt9g==

"@biomejs/cli-linux-x64@2.1.1":
  version "2.1.1"
  resolved "https://registry.yarnpkg.com/@biomejs/cli-linux-x64/-/cli-linux-x64-2.1.1.tgz#07052455df520d27556edf8a0ecb2a2983aeaaaf"
  integrity sha512-3WJ1GKjU7NzZb6RTbwLB59v9cTIlzjbiFLDB0z4376TkDqoNYilJaC37IomCr/aXwuU8QKkrYoHrgpSq5ffJ4Q==

"@biomejs/cli-win32-arm64@2.1.1":
  version "2.1.1"
  resolved "https://registry.yarnpkg.com/@biomejs/cli-win32-arm64/-/cli-win32-arm64-2.1.1.tgz#3e64dfa8842b239e38eafc6c1abc652d3566547a"
  integrity sha512-vEHK0v0oW+E6RUWLoxb2isI3rZo57OX9ZNyyGH701fZPj6Il0Rn1f5DMNyCmyflMwTnIQstEbs7n2BxYSqQx4Q==

"@biomejs/cli-win32-x64@2.1.1":
  version "2.1.1"
  resolved "https://registry.yarnpkg.com/@biomejs/cli-win32-x64/-/cli-win32-x64-2.1.1.tgz#bc70ca227d7faf4269654401ee9a50ee6d5e468b"
  integrity sha512-i2PKdn70kY++KEF/zkQFvQfX1e8SkA8hq4BgC+yE9dZqyLzB/XStY2MvwI3qswlRgnGpgncgqe0QYKVS1blksg==

"@smithy/abort-controller@^4.0.4":
  version "4.0.4"
  resolved "https://registry.npmjs.org/@smithy/abort-controller/-/abort-controller-4.0.4.tgz"
  integrity sha512-gJnEjZMvigPDQWHrW3oPrFhQtkrgqBkyjj3pCIdF3A5M6vsZODG93KNlfJprv6bp4245bdT32fsHK4kkH3KYDA==
  dependencies:
    "@smithy/types" "^4.3.1"
    tslib "^2.6.2"

"@smithy/config-resolver@^4.1.4":
  version "4.1.4"
  resolved "https://registry.npmjs.org/@smithy/config-resolver/-/config-resolver-4.1.4.tgz"
  integrity sha512-prmU+rDddxHOH0oNcwemL+SwnzcG65sBF2yXRO7aeXIn/xTlq2pX7JLVbkBnVLowHLg4/OL4+jBmv9hVrVGS+w==
  dependencies:
    "@smithy/node-config-provider" "^4.1.3"
    "@smithy/types" "^4.3.1"
    "@smithy/util-config-provider" "^4.0.0"
    "@smithy/util-middleware" "^4.0.4"
    tslib "^2.6.2"

"@smithy/core@^3.7.0":
  version "3.7.0"
  resolved "https://registry.npmjs.org/@smithy/core/-/core-3.7.0.tgz"
  integrity sha512-7ov8hu/4j0uPZv8b27oeOFtIBtlFmM3ibrPv/Omx1uUdoXvcpJ00U+H/OWWC/keAguLlcqwtyL2/jTlSnApgNQ==
  dependencies:
    "@smithy/middleware-serde" "^4.0.8"
    "@smithy/protocol-http" "^5.1.2"
    "@smithy/types" "^4.3.1"
    "@smithy/util-base64" "^4.0.0"
    "@smithy/util-body-length-browser" "^4.0.0"
    "@smithy/util-middleware" "^4.0.4"
    "@smithy/util-stream" "^4.2.3"
    "@smithy/util-utf8" "^4.0.0"
    tslib "^2.6.2"

"@smithy/credential-provider-imds@^4.0.6":
  version "4.0.6"
  resolved "https://registry.npmjs.org/@smithy/credential-provider-imds/-/credential-provider-imds-4.0.6.tgz"
  integrity sha512-hKMWcANhUiNbCJouYkZ9V3+/Qf9pteR1dnwgdyzR09R4ODEYx8BbUysHwRSyex4rZ9zapddZhLFTnT4ZijR4pw==
  dependencies:
    "@smithy/node-config-provider" "^4.1.3"
    "@smithy/property-provider" "^4.0.4"
    "@smithy/types" "^4.3.1"
    "@smithy/url-parser" "^4.0.4"
    tslib "^2.6.2"

"@smithy/fetch-http-handler@^5.1.0":
  version "5.1.0"
  resolved "https://registry.npmjs.org/@smithy/fetch-http-handler/-/fetch-http-handler-5.1.0.tgz"
  integrity sha512-mADw7MS0bYe2OGKkHYMaqarOXuDwRbO6ArD91XhHcl2ynjGCFF+hvqf0LyQcYxkA1zaWjefSkU7Ne9mqgApSgQ==
  dependencies:
    "@smithy/protocol-http" "^5.1.2"
    "@smithy/querystring-builder" "^4.0.4"
    "@smithy/types" "^4.3.1"
    "@smithy/util-base64" "^4.0.0"
    tslib "^2.6.2"

"@smithy/hash-node@^4.0.4":
  version "4.0.4"
  resolved "https://registry.npmjs.org/@smithy/hash-node/-/hash-node-4.0.4.tgz"
  integrity sha512-qnbTPUhCVnCgBp4z4BUJUhOEkVwxiEi1cyFM+Zj6o+aY8OFGxUQleKWq8ltgp3dujuhXojIvJWdoqpm6dVO3lQ==
  dependencies:
    "@smithy/types" "^4.3.1"
    "@smithy/util-buffer-from" "^4.0.0"
    "@smithy/util-utf8" "^4.0.0"
    tslib "^2.6.2"

"@smithy/invalid-dependency@^4.0.4":
  version "4.0.4"
  resolved "https://registry.npmjs.org/@smithy/invalid-dependency/-/invalid-dependency-4.0.4.tgz"
  integrity sha512-bNYMi7WKTJHu0gn26wg8OscncTt1t2b8KcsZxvOv56XA6cyXtOAAAaNP7+m45xfppXfOatXF3Sb1MNsLUgVLTw==
  dependencies:
    "@smithy/types" "^4.3.1"
    tslib "^2.6.2"

"@smithy/is-array-buffer@^2.2.0":
  version "2.2.0"
  resolved "https://registry.npmjs.org/@smithy/is-array-buffer/-/is-array-buffer-2.2.0.tgz"
  integrity sha512-GGP3O9QFD24uGeAXYUjwSTXARoqpZykHadOmA8G5vfJPK0/DC67qa//0qvqrJzL1xc8WQWX7/yc7fwudjPHPhA==
  dependencies:
    tslib "^2.6.2"

"@smithy/is-array-buffer@^4.0.0":
  version "4.0.0"
  resolved "https://registry.npmjs.org/@smithy/is-array-buffer/-/is-array-buffer-4.0.0.tgz"
  integrity sha512-saYhF8ZZNoJDTvJBEWgeBccCg+yvp1CX+ed12yORU3NilJScfc6gfch2oVb4QgxZrGUx3/ZJlb+c/dJbyupxlw==
  dependencies:
    tslib "^2.6.2"

"@smithy/middleware-content-length@^4.0.4":
  version "4.0.4"
  resolved "https://registry.npmjs.org/@smithy/middleware-content-length/-/middleware-content-length-4.0.4.tgz"
  integrity sha512-F7gDyfI2BB1Kc+4M6rpuOLne5LOcEknH1n6UQB69qv+HucXBR1rkzXBnQTB2q46sFy1PM/zuSJOB532yc8bg3w==
  dependencies:
    "@smithy/protocol-http" "^5.1.2"
    "@smithy/types" "^4.3.1"
    tslib "^2.6.2"

"@smithy/middleware-endpoint@^4.1.14":
  version "4.1.14"
  resolved "https://registry.npmjs.org/@smithy/middleware-endpoint/-/middleware-endpoint-4.1.14.tgz"
  integrity sha512-+BGLpK5D93gCcSEceaaYhUD/+OCGXM1IDaq/jKUQ+ujB0PTWlWN85noodKw/IPFZhIKFCNEe19PGd/reUMeLSQ==
  dependencies:
    "@smithy/core" "^3.7.0"
    "@smithy/middleware-serde" "^4.0.8"
    "@smithy/node-config-provider" "^4.1.3"
    "@smithy/shared-ini-file-loader" "^4.0.4"
    "@smithy/types" "^4.3.1"
    "@smithy/url-parser" "^4.0.4"
    "@smithy/util-middleware" "^4.0.4"
    tslib "^2.6.2"

"@smithy/middleware-retry@^4.1.15":
  version "4.1.15"
  resolved "https://registry.npmjs.org/@smithy/middleware-retry/-/middleware-retry-4.1.15.tgz"
  integrity sha512-iKYUJpiyTQ33U2KlOZeUb0GwtzWR3C0soYcKuCnTmJrvt6XwTPQZhMfsjJZNw7PpQ3TU4Ati1qLSrkSJxnnSMQ==
  dependencies:
    "@smithy/node-config-provider" "^4.1.3"
    "@smithy/protocol-http" "^5.1.2"
    "@smithy/service-error-classification" "^4.0.6"
    "@smithy/smithy-client" "^4.4.6"
    "@smithy/types" "^4.3.1"
    "@smithy/util-middleware" "^4.0.4"
    "@smithy/util-retry" "^4.0.6"
    tslib "^2.6.2"
    uuid "^9.0.1"

"@smithy/middleware-serde@^4.0.8":
  version "4.0.8"
  resolved "https://registry.npmjs.org/@smithy/middleware-serde/-/middleware-serde-4.0.8.tgz"
  integrity sha512-iSSl7HJoJaGyMIoNn2B7czghOVwJ9nD7TMvLhMWeSB5vt0TnEYyRRqPJu/TqW76WScaNvYYB8nRoiBHR9S1Ddw==
  dependencies:
    "@smithy/protocol-http" "^5.1.2"
    "@smithy/types" "^4.3.1"
    tslib "^2.6.2"

"@smithy/middleware-stack@^4.0.4":
  version "4.0.4"
  resolved "https://registry.npmjs.org/@smithy/middleware-stack/-/middleware-stack-4.0.4.tgz"
  integrity sha512-kagK5ggDrBUCCzI93ft6DjteNSfY8Ulr83UtySog/h09lTIOAJ/xUSObutanlPT0nhoHAkpmW9V5K8oPyLh+QA==
  dependencies:
    "@smithy/types" "^4.3.1"
    tslib "^2.6.2"

"@smithy/node-config-provider@^4.1.3":
  version "4.1.3"
  resolved "https://registry.npmjs.org/@smithy/node-config-provider/-/node-config-provider-4.1.3.tgz"
  integrity sha512-HGHQr2s59qaU1lrVH6MbLlmOBxadtzTsoO4c+bF5asdgVik3I8o7JIOzoeqWc5MjVa+vD36/LWE0iXKpNqooRw==
  dependencies:
    "@smithy/property-provider" "^4.0.4"
    "@smithy/shared-ini-file-loader" "^4.0.4"
    "@smithy/types" "^4.3.1"
    tslib "^2.6.2"

"@smithy/node-http-handler@^4.1.0":
  version "4.1.0"
  resolved "https://registry.npmjs.org/@smithy/node-http-handler/-/node-http-handler-4.1.0.tgz"
  integrity sha512-vqfSiHz2v8b3TTTrdXi03vNz1KLYYS3bhHCDv36FYDqxT7jvTll1mMnCrkD+gOvgwybuunh/2VmvOMqwBegxEg==
  dependencies:
    "@smithy/abort-controller" "^4.0.4"
    "@smithy/protocol-http" "^5.1.2"
    "@smithy/querystring-builder" "^4.0.4"
    "@smithy/types" "^4.3.1"
    tslib "^2.6.2"

"@smithy/property-provider@^4.0.4":
  version "4.0.4"
  resolved "https://registry.npmjs.org/@smithy/property-provider/-/property-provider-4.0.4.tgz"
  integrity sha512-qHJ2sSgu4FqF4U/5UUp4DhXNmdTrgmoAai6oQiM+c5RZ/sbDwJ12qxB1M6FnP+Tn/ggkPZf9ccn4jqKSINaquw==
  dependencies:
    "@smithy/types" "^4.3.1"
    tslib "^2.6.2"

"@smithy/protocol-http@^5.1.2":
  version "5.1.2"
  resolved "https://registry.npmjs.org/@smithy/protocol-http/-/protocol-http-5.1.2.tgz"
  integrity sha512-rOG5cNLBXovxIrICSBm95dLqzfvxjEmuZx4KK3hWwPFHGdW3lxY0fZNXfv2zebfRO7sJZ5pKJYHScsqopeIWtQ==
  dependencies:
    "@smithy/types" "^4.3.1"
    tslib "^2.6.2"

"@smithy/querystring-builder@^4.0.4":
  version "4.0.4"
  resolved "https://registry.npmjs.org/@smithy/querystring-builder/-/querystring-builder-4.0.4.tgz"
  integrity sha512-SwREZcDnEYoh9tLNgMbpop+UTGq44Hl9tdj3rf+yeLcfH7+J8OXEBaMc2kDxtyRHu8BhSg9ADEx0gFHvpJgU8w==
  dependencies:
    "@smithy/types" "^4.3.1"
    "@smithy/util-uri-escape" "^4.0.0"
    tslib "^2.6.2"

"@smithy/querystring-parser@^4.0.4":
  version "4.0.4"
  resolved "https://registry.npmjs.org/@smithy/querystring-parser/-/querystring-parser-4.0.4.tgz"
  integrity sha512-6yZf53i/qB8gRHH/l2ZwUG5xgkPgQF15/KxH0DdXMDHjesA9MeZje/853ifkSY0x4m5S+dfDZ+c4x439PF0M2w==
  dependencies:
    "@smithy/types" "^4.3.1"
    tslib "^2.6.2"

"@smithy/service-error-classification@^4.0.6":
  version "4.0.6"
  resolved "https://registry.npmjs.org/@smithy/service-error-classification/-/service-error-classification-4.0.6.tgz"
  integrity sha512-RRoTDL//7xi4tn5FrN2NzH17jbgmnKidUqd4KvquT0954/i6CXXkh1884jBiunq24g9cGtPBEXlU40W6EpNOOg==
  dependencies:
    "@smithy/types" "^4.3.1"

"@smithy/shared-ini-file-loader@^4.0.4":
  version "4.0.4"
  resolved "https://registry.npmjs.org/@smithy/shared-ini-file-loader/-/shared-ini-file-loader-4.0.4.tgz"
  integrity sha512-63X0260LoFBjrHifPDs+nM9tV0VMkOTl4JRMYNuKh/f5PauSjowTfvF3LogfkWdcPoxsA9UjqEOgjeYIbhb7Nw==
  dependencies:
    "@smithy/types" "^4.3.1"
    tslib "^2.6.2"

"@smithy/signature-v4@^5.1.2":
  version "5.1.2"
  resolved "https://registry.npmjs.org/@smithy/signature-v4/-/signature-v4-5.1.2.tgz"
  integrity sha512-d3+U/VpX7a60seHziWnVZOHuEgJlclufjkS6zhXvxcJgkJq4UWdH5eOBLzHRMx6gXjsdT9h6lfpmLzbrdupHgQ==
  dependencies:
    "@smithy/is-array-buffer" "^4.0.0"
    "@smithy/protocol-http" "^5.1.2"
    "@smithy/types" "^4.3.1"
    "@smithy/util-hex-encoding" "^4.0.0"
    "@smithy/util-middleware" "^4.0.4"
    "@smithy/util-uri-escape" "^4.0.0"
    "@smithy/util-utf8" "^4.0.0"
    tslib "^2.6.2"

"@smithy/smithy-client@^4.4.6":
  version "4.4.6"
  resolved "https://registry.npmjs.org/@smithy/smithy-client/-/smithy-client-4.4.6.tgz"
  integrity sha512-3wfhywdzB/CFszP6moa5L3lf5/zSfQoH0kvVSdkyK2az5qZet0sn2PAHjcTDiq296Y4RP5yxF7B6S6+3oeBUCQ==
  dependencies:
    "@smithy/core" "^3.7.0"
    "@smithy/middleware-endpoint" "^4.1.14"
    "@smithy/middleware-stack" "^4.0.4"
    "@smithy/protocol-http" "^5.1.2"
    "@smithy/types" "^4.3.1"
    "@smithy/util-stream" "^4.2.3"
    tslib "^2.6.2"

"@smithy/types@^4.3.1":
  version "4.3.1"
  resolved "https://registry.npmjs.org/@smithy/types/-/types-4.3.1.tgz"
  integrity sha512-UqKOQBL2x6+HWl3P+3QqFD4ncKq0I8Nuz9QItGv5WuKuMHuuwlhvqcZCoXGfc+P1QmfJE7VieykoYYmrOoFJxA==
  dependencies:
    tslib "^2.6.2"

"@smithy/url-parser@^4.0.4":
  version "4.0.4"
  resolved "https://registry.npmjs.org/@smithy/url-parser/-/url-parser-4.0.4.tgz"
  integrity sha512-eMkc144MuN7B0TDA4U2fKs+BqczVbk3W+qIvcoCY6D1JY3hnAdCuhCZODC+GAeaxj0p6Jroz4+XMUn3PCxQQeQ==
  dependencies:
    "@smithy/querystring-parser" "^4.0.4"
    "@smithy/types" "^4.3.1"
    tslib "^2.6.2"

"@smithy/util-base64@^4.0.0":
  version "4.0.0"
  resolved "https://registry.npmjs.org/@smithy/util-base64/-/util-base64-4.0.0.tgz"
  integrity sha512-CvHfCmO2mchox9kjrtzoHkWHxjHZzaFojLc8quxXY7WAAMAg43nuxwv95tATVgQFNDwd4M9S1qFzj40Ul41Kmg==
  dependencies:
    "@smithy/util-buffer-from" "^4.0.0"
    "@smithy/util-utf8" "^4.0.0"
    tslib "^2.6.2"

"@smithy/util-body-length-browser@^4.0.0":
  version "4.0.0"
  resolved "https://registry.npmjs.org/@smithy/util-body-length-browser/-/util-body-length-browser-4.0.0.tgz"
  integrity sha512-sNi3DL0/k64/LO3A256M+m3CDdG6V7WKWHdAiBBMUN8S3hK3aMPhwnPik2A/a2ONN+9doY9UxaLfgqsIRg69QA==
  dependencies:
    tslib "^2.6.2"

"@smithy/util-body-length-node@^4.0.0":
  version "4.0.0"
  resolved "https://registry.npmjs.org/@smithy/util-body-length-node/-/util-body-length-node-4.0.0.tgz"
  integrity sha512-q0iDP3VsZzqJyje8xJWEJCNIu3lktUGVoSy1KB0UWym2CL1siV3artm+u1DFYTLejpsrdGyCSWBdGNjJzfDPjg==
  dependencies:
    tslib "^2.6.2"

"@smithy/util-buffer-from@^2.2.0":
  version "2.2.0"
  resolved "https://registry.npmjs.org/@smithy/util-buffer-from/-/util-buffer-from-2.2.0.tgz"
  integrity sha512-IJdWBbTcMQ6DA0gdNhh/BwrLkDR+ADW5Kr1aZmd4k3DIF6ezMV4R2NIAmT08wQJ3yUK82thHWmC/TnK/wpMMIA==
  dependencies:
    "@smithy/is-array-buffer" "^2.2.0"
    tslib "^2.6.2"

"@smithy/util-buffer-from@^4.0.0":
  version "4.0.0"
  resolved "https://registry.npmjs.org/@smithy/util-buffer-from/-/util-buffer-from-4.0.0.tgz"
  integrity sha512-9TOQ7781sZvddgO8nxueKi3+yGvkY35kotA0Y6BWRajAv8jjmigQ1sBwz0UX47pQMYXJPahSKEKYFgt+rXdcug==
  dependencies:
    "@smithy/is-array-buffer" "^4.0.0"
    tslib "^2.6.2"

"@smithy/util-config-provider@^4.0.0":
  version "4.0.0"
  resolved "https://registry.npmjs.org/@smithy/util-config-provider/-/util-config-provider-4.0.0.tgz"
  integrity sha512-L1RBVzLyfE8OXH+1hsJ8p+acNUSirQnWQ6/EgpchV88G6zGBTDPdXiiExei6Z1wR2RxYvxY/XLw6AMNCCt8H3w==
  dependencies:
    tslib "^2.6.2"

"@smithy/util-defaults-mode-browser@^4.0.22":
  version "4.0.22"
  resolved "https://registry.npmjs.org/@smithy/util-defaults-mode-browser/-/util-defaults-mode-browser-4.0.22.tgz"
  integrity sha512-hjElSW18Wq3fUAWVk6nbk7pGrV7ZT14DL1IUobmqhV3lxcsIenr5FUsDe2jlTVaS8OYBI3x+Og9URv5YcKb5QA==
  dependencies:
    "@smithy/property-provider" "^4.0.4"
    "@smithy/smithy-client" "^4.4.6"
    "@smithy/types" "^4.3.1"
    bowser "^2.11.0"
    tslib "^2.6.2"

"@smithy/util-defaults-mode-node@^4.0.22":
  version "4.0.22"
  resolved "https://registry.npmjs.org/@smithy/util-defaults-mode-node/-/util-defaults-mode-node-4.0.22.tgz"
  integrity sha512-7B8mfQBtwwr2aNRRmU39k/bsRtv9B6/1mTMrGmmdJFKmLAH+KgIiOuhaqfKOBGh9sZ/VkZxbvm94rI4MMYpFjQ==
  dependencies:
    "@smithy/config-resolver" "^4.1.4"
    "@smithy/credential-provider-imds" "^4.0.6"
    "@smithy/node-config-provider" "^4.1.3"
    "@smithy/property-provider" "^4.0.4"
    "@smithy/smithy-client" "^4.4.6"
    "@smithy/types" "^4.3.1"
    tslib "^2.6.2"

"@smithy/util-endpoints@^3.0.6":
  version "3.0.6"
  resolved "https://registry.npmjs.org/@smithy/util-endpoints/-/util-endpoints-3.0.6.tgz"
  integrity sha512-YARl3tFL3WgPuLzljRUnrS2ngLiUtkwhQtj8PAL13XZSyUiNLQxwG3fBBq3QXFqGFUXepIN73pINp3y8c2nBmA==
  dependencies:
    "@smithy/node-config-provider" "^4.1.3"
    "@smithy/types" "^4.3.1"
    tslib "^2.6.2"

"@smithy/util-hex-encoding@^4.0.0":
  version "4.0.0"
  resolved "https://registry.npmjs.org/@smithy/util-hex-encoding/-/util-hex-encoding-4.0.0.tgz"
  integrity sha512-Yk5mLhHtfIgW2W2WQZWSg5kuMZCVbvhFmC7rV4IO2QqnZdbEFPmQnCcGMAX2z/8Qj3B9hYYNjZOhWym+RwhePw==
  dependencies:
    tslib "^2.6.2"

"@smithy/util-middleware@^4.0.4":
  version "4.0.4"
  resolved "https://registry.npmjs.org/@smithy/util-middleware/-/util-middleware-4.0.4.tgz"
  integrity sha512-9MLKmkBmf4PRb0ONJikCbCwORACcil6gUWojwARCClT7RmLzF04hUR4WdRprIXal7XVyrddadYNfp2eF3nrvtQ==
  dependencies:
    "@smithy/types" "^4.3.1"
    tslib "^2.6.2"

"@smithy/util-retry@^4.0.6":
  version "4.0.6"
  resolved "https://registry.npmjs.org/@smithy/util-retry/-/util-retry-4.0.6.tgz"
  integrity sha512-+YekoF2CaSMv6zKrA6iI/N9yva3Gzn4L6n35Luydweu5MMPYpiGZlWqehPHDHyNbnyaYlz/WJyYAZnC+loBDZg==
  dependencies:
    "@smithy/service-error-classification" "^4.0.6"
    "@smithy/types" "^4.3.1"
    tslib "^2.6.2"

"@smithy/util-stream@^4.2.3":
  version "4.2.3"
  resolved "https://registry.npmjs.org/@smithy/util-stream/-/util-stream-4.2.3.tgz"
  integrity sha512-cQn412DWHHFNKrQfbHY8vSFI3nTROY1aIKji9N0tpp8gUABRilr7wdf8fqBbSlXresobM+tQFNk6I+0LXK/YZg==
  dependencies:
    "@smithy/fetch-http-handler" "^5.1.0"
    "@smithy/node-http-handler" "^4.1.0"
    "@smithy/types" "^4.3.1"
    "@smithy/util-base64" "^4.0.0"
    "@smithy/util-buffer-from" "^4.0.0"
    "@smithy/util-hex-encoding" "^4.0.0"
    "@smithy/util-utf8" "^4.0.0"
    tslib "^2.6.2"

"@smithy/util-uri-escape@^4.0.0":
  version "4.0.0"
  resolved "https://registry.npmjs.org/@smithy/util-uri-escape/-/util-uri-escape-4.0.0.tgz"
  integrity sha512-77yfbCbQMtgtTylO9itEAdpPXSog3ZxMe09AEhm0dU0NLTalV70ghDZFR+Nfi1C60jnJoh/Re4090/DuZh2Omg==
  dependencies:
    tslib "^2.6.2"

"@smithy/util-utf8@^2.0.0":
  version "2.3.0"
  resolved "https://registry.npmjs.org/@smithy/util-utf8/-/util-utf8-2.3.0.tgz"
  integrity sha512-R8Rdn8Hy72KKcebgLiv8jQcQkXoLMOGGv5uI1/k0l+snqkOzQ1R0ChUBCxWMlBsFMekWjq0wRudIweFs7sKT5A==
  dependencies:
    "@smithy/util-buffer-from" "^2.2.0"
    tslib "^2.6.2"

"@smithy/util-utf8@^4.0.0":
  version "4.0.0"
  resolved "https://registry.npmjs.org/@smithy/util-utf8/-/util-utf8-4.0.0.tgz"
  integrity sha512-b+zebfKCfRdgNJDknHCob3O7FpeYQN6ZG6YLExMcasDHsCXlsXCEuiPZeLnJLpwa5dvPetGlnGCiMHuLwGvFow==
  dependencies:
    "@smithy/util-buffer-from" "^4.0.0"
    tslib "^2.6.2"

"@types/aws-lambda@^8.10.0":
  version "8.10.150"
  resolved "https://registry.npmjs.org/@types/aws-lambda/-/aws-lambda-8.10.150.tgz"
  integrity sha512-AX+AbjH/rH5ezX1fbK8onC/a+HyQHo7QGmvoxAE42n22OsciAxvZoZNEr22tbXs8WfP1nIsBjKDpgPm3HjOZbA==

"@types/node-fetch@^2.6.4":
  version "2.6.12"
  resolved "https://registry.npmjs.org/@types/node-fetch/-/node-fetch-2.6.12.tgz"
  integrity sha512-8nneRWKCg3rMtF69nLQJnOYUcbafYeFSjqkw3jCRLsqkWFlHaoQrr5mXmofFGOx3DKn7UfmBMyov8ySvLRVldA==
  dependencies:
    "@types/node" "*"
    form-data "^4.0.0"

"@types/node@*":
  version "24.0.13"
  resolved "https://registry.npmjs.org/@types/node/-/node-24.0.13.tgz"
  integrity sha512-Qm9OYVOFHFYg3wJoTSrz80hoec5Lia/dPp84do3X7dZvLikQvM1YpmvTBEdIr/e+U8HTkFjLHLnl78K/qjf+jQ==
  dependencies:
    undici-types "~7.8.0"

"@types/node@^18.11.18":
  version "18.19.118"
  resolved "https://registry.npmjs.org/@types/node/-/node-18.19.118.tgz"
  integrity sha512-hIPK0hSrrcaoAu/gJMzN3QClXE4QdCdFvaenJ0JsjIbExP1JFFVH+RHcBt25c9n8bx5dkIfqKE+uw6BmBns7ug==
  dependencies:
    undici-types "~5.26.4"

"@types/node@^20.0.0":
  version "20.19.7"
  resolved "https://registry.npmjs.org/@types/node/-/node-20.19.7.tgz"
  integrity sha512-1GM9z6BJOv86qkPvzh2i6VW5+VVrXxCLknfmTkWEqz+6DqosiY28XUWCTmBcJ0ACzKqx/iwdIREfo1fwExIlkA==
  dependencies:
    undici-types "~6.21.0"

"@types/uuid@^9.0.1":
  version "9.0.8"
  resolved "https://registry.npmjs.org/@types/uuid/-/uuid-9.0.8.tgz"
  integrity sha512-jg+97EGIcY9AGHJJRaaPVgetKDsrTgbRjQ5Msgjh/DQKEFl0DtyRr/VCOyD1T2R1MNeWPK/u7JoGhlDZnKBAfA==

abort-controller@^3.0.0:
  version "3.0.0"
  resolved "https://registry.npmjs.org/abort-controller/-/abort-controller-3.0.0.tgz"
  integrity sha512-h8lQ8tacZYnR3vNQTgibj+tODHI5/+l06Au2Pcriv/Gmet0eaj4TwWH41sO9wnHDiQsEj19q0drzdWdeAHtweg==
  dependencies:
    event-target-shim "^5.0.0"

agentkeepalive@^4.2.1:
  version "4.6.0"
  resolved "https://registry.npmjs.org/agentkeepalive/-/agentkeepalive-4.6.0.tgz"
  integrity sha512-kja8j7PjmncONqaTsB8fQ+wE2mSU2DJ9D4XKoJ5PFWIdRMa6SLSN1ff4mOr4jCbfRSsxR4keIiySJU0N9T5hIQ==
  dependencies:
    humanize-ms "^1.2.1"

asynckit@^0.4.0:
  version "0.4.0"
  resolved "https://registry.npmjs.org/asynckit/-/asynckit-0.4.0.tgz"
  integrity sha512-Oei9OH4tRh0YqU3GxhX79dM/mwVgvbZJaSNaRk+bshkj0S5cfHcgYakreBjrHwatXKbz+IoIdYLxrKim2MjW0Q==

axios@^1.6.0:
  version "1.10.0"
  resolved "https://registry.npmjs.org/axios/-/axios-1.10.0.tgz"
  integrity sha512-/1xYAC4MP/HEG+3duIhFr4ZQXR4sQXOIe+o6sdqzeykGLx6Upp/1p8MHqhINOvGeP7xyNHe7tsiJByc4SSVUxw==
  dependencies:
    follow-redirects "^1.15.6"
    form-data "^4.0.0"
    proxy-from-env "^1.1.0"

bowser@^2.11.0:
  version "2.11.0"
  resolved "https://registry.npmjs.org/bowser/-/bowser-2.11.0.tgz"
  integrity sha512-AlcaJBi/pqqJBIQ8U9Mcpc9i8Aqxn88Skv5d+xBX006BY5u8N3mGLHa5Lgppa7L/HfwgwLgZ6NYs+Ag6uUmJRA==

call-bind-apply-helpers@^1.0.1, call-bind-apply-helpers@^1.0.2:
  version "1.0.2"
  resolved "https://registry.npmjs.org/call-bind-apply-helpers/-/call-bind-apply-helpers-1.0.2.tgz"
  integrity sha512-Sp1ablJ0ivDkSzjcaJdxEunN5/XvksFJ2sMBFfq6x0ryhQV/2b/KwFe21cMpmHtPOSij8K99/wSfoEuTObmuMQ==
  dependencies:
    es-errors "^1.3.0"
    function-bind "^1.1.2"

combined-stream@^1.0.8:
  version "1.0.8"
  resolved "https://registry.npmjs.org/combined-stream/-/combined-stream-1.0.8.tgz"
  integrity sha512-FQN4MRfuJeHf7cBbBMJFXhKSDq+2kAArBlmRBvcvFE5BB1HZKXtSFASDhdlz9zOYwxh8lDdnvmMOe/+5cdoEdg==
  dependencies:
    delayed-stream "~1.0.0"

delayed-stream@~1.0.0:
  version "1.0.0"
  resolved "https://registry.npmjs.org/delayed-stream/-/delayed-stream-1.0.0.tgz"
  integrity sha512-ZySD7Nf91aLB0RxL4KGrKHBXl7Eds1DAmEdcoVawXnLD7SDhpNgtuII2aAkg7a7QS41jxPSZ17p4VdGnMHk3MQ==

dunder-proto@^1.0.1:
  version "1.0.1"
  resolved "https://registry.npmjs.org/dunder-proto/-/dunder-proto-1.0.1.tgz"
  integrity sha512-KIN/nDJBQRcXw0MLVhZE9iQHmG68qAVIBg9CqmUYjmQIhgij9U5MFvrqkUL5FbtyyzZuOeOt0zdeRe4UY7ct+A==
  dependencies:
    call-bind-apply-helpers "^1.0.1"
    es-errors "^1.3.0"
    gopd "^1.2.0"

es-define-property@^1.0.1:
  version "1.0.1"
  resolved "https://registry.npmjs.org/es-define-property/-/es-define-property-1.0.1.tgz"
  integrity sha512-e3nRfgfUZ4rNGL232gUgX06QNyyez04KdjFrF+LTRoOXmrOgFKDg4BCdsjW8EnT69eqdYGmRpJwiPVYNrCaW3g==

es-errors@^1.3.0:
  version "1.3.0"
  resolved "https://registry.npmjs.org/es-errors/-/es-errors-1.3.0.tgz"
  integrity sha512-Zf5H2Kxt2xjTvbJvP2ZWLEICxA6j+hAmMzIlypy4xcBg1vKVnx89Wy0GbS+kf5cwCVFFzdCFh2XSCFNULS6csw==

es-object-atoms@^1.0.0, es-object-atoms@^1.1.1:
  version "1.1.1"
  resolved "https://registry.npmjs.org/es-object-atoms/-/es-object-atoms-1.1.1.tgz"
  integrity sha512-FGgH2h8zKNim9ljj7dankFPcICIK9Cp5bm+c2gQSYePhpaG5+esrLODihIorn+Pe6FGJzWhXQotPv73jTaldXA==
  dependencies:
    es-errors "^1.3.0"

es-set-tostringtag@^2.1.0:
  version "2.1.0"
  resolved "https://registry.npmjs.org/es-set-tostringtag/-/es-set-tostringtag-2.1.0.tgz"
  integrity sha512-j6vWzfrGVfyXxge+O0x5sh6cvxAog0a/4Rdd2K36zCMV5eJ+/+tOAngRO8cODMNWbVRdVlmGZQL2YS3yR8bIUA==
  dependencies:
    es-errors "^1.3.0"
    get-intrinsic "^1.2.6"
    has-tostringtag "^1.0.2"
    hasown "^2.0.2"

event-target-shim@^5.0.0:
  version "5.0.1"
  resolved "https://registry.npmjs.org/event-target-shim/-/event-target-shim-5.0.1.tgz"
  integrity sha512-i/2XbnSz/uxRCU6+NdVJgKWDTM427+MqYbkQzD321DuCQJUqOuJKIA0IM2+W2xtYHdKOmZ4dR6fExsd4SXL+WQ==

fast-xml-parser@5.2.5:
  version "5.2.5"
  resolved "https://registry.npmjs.org/fast-xml-parser/-/fast-xml-parser-5.2.5.tgz"
  integrity sha512-pfX9uG9Ki0yekDHx2SiuRIyFdyAr1kMIMitPvb0YBo8SUfKvia7w7FIyd/l6av85pFYRhZscS75MwMnbvY+hcQ==
  dependencies:
    strnum "^2.1.0"

follow-redirects@^1.15.6:
  version "1.15.9"
  resolved "https://registry.npmjs.org/follow-redirects/-/follow-redirects-1.15.9.tgz"
  integrity sha512-gew4GsXizNgdoRyqmyfMHyAmXsZDk6mHkSxZFCzW9gwlbtOW44CDtYavM+y+72qD/Vq2l550kMF52DT8fOLJqQ==

form-data-encoder@1.7.2:
  version "1.7.2"
  resolved "https://registry.npmjs.org/form-data-encoder/-/form-data-encoder-1.7.2.tgz"
  integrity sha512-qfqtYan3rxrnCk1VYaA4H+Ms9xdpPqvLZa6xmMgFvhO32x7/3J/ExcTd6qpxM0vH2GdMI+poehyBZvqfMTto8A==

form-data@^4.0.0:
  version "4.0.3"
  resolved "https://registry.npmjs.org/form-data/-/form-data-4.0.3.tgz"
  integrity sha512-qsITQPfmvMOSAdeyZ+12I1c+CKSstAFAwu+97zrnWAbIr5u8wfsExUzCesVLC8NgHuRUqNN4Zy6UPWUTRGslcA==
  dependencies:
    asynckit "^0.4.0"
    combined-stream "^1.0.8"
    es-set-tostringtag "^2.1.0"
    hasown "^2.0.2"
    mime-types "^2.1.12"

formdata-node@^4.3.2:
  version "4.4.1"
  resolved "https://registry.npmjs.org/formdata-node/-/formdata-node-4.4.1.tgz"
  integrity sha512-0iirZp3uVDjVGt9p49aTaqjk84TrglENEDuqfdlZQ1roC9CWlPk6Avf8EEnZNcAqPonwkG35x4n3ww/1THYAeQ==
  dependencies:
    node-domexception "1.0.0"
    web-streams-polyfill "4.0.0-beta.3"

function-bind@^1.1.2:
  version "1.1.2"
  resolved "https://registry.npmjs.org/function-bind/-/function-bind-1.1.2.tgz"
  integrity sha512-7XHNxH7qX9xG5mIwxkhumTox/MIRNcOgDrxWsMt2pAr23WHp6MrRlN7FBSFpCpr+oVO0F744iUgR82nJMfG2SA==

get-intrinsic@^1.2.6:
  version "1.3.0"
  resolved "https://registry.npmjs.org/get-intrinsic/-/get-intrinsic-1.3.0.tgz"
  integrity sha512-9fSjSaos/fRIVIp+xSJlE6lfwhES7LNtKaCBIamHsjr2na1BiABJPo0mOjjz8GJDURarmCPGqaiVg5mfjb98CQ==
  dependencies:
    call-bind-apply-helpers "^1.0.2"
    es-define-property "^1.0.1"
    es-errors "^1.3.0"
    es-object-atoms "^1.1.1"
    function-bind "^1.1.2"
    get-proto "^1.0.1"
    gopd "^1.2.0"
    has-symbols "^1.1.0"
    hasown "^2.0.2"
    math-intrinsics "^1.1.0"

get-proto@^1.0.1:
  version "1.0.1"
  resolved "https://registry.npmjs.org/get-proto/-/get-proto-1.0.1.tgz"
  integrity sha512-sTSfBjoXBp89JvIKIefqw7U2CCebsc74kiY6awiGogKtoSGbgjYE/G/+l9sF3MWFPNc9IcoOC4ODfKHfxFmp0g==
  dependencies:
    dunder-proto "^1.0.1"
    es-object-atoms "^1.0.0"

gopd@^1.2.0:
  version "1.2.0"
  resolved "https://registry.npmjs.org/gopd/-/gopd-1.2.0.tgz"
  integrity sha512-ZUKRh6/kUFoAiTAtTYPZJ3hw9wNxx+BIBOijnlG9PnrJsCcSjs1wyyD6vJpaYtgnzDrKYRSqf3OO6Rfa93xsRg==

has-symbols@^1.0.3, has-symbols@^1.1.0:
  version "1.1.0"
  resolved "https://registry.npmjs.org/has-symbols/-/has-symbols-1.1.0.tgz"
  integrity sha512-1cDNdwJ2Jaohmb3sg4OmKaMBwuC48sYni5HUw2DvsC8LjGTLK9h+eb1X6RyuOHe4hT0ULCW68iomhjUoKUqlPQ==

has-tostringtag@^1.0.2:
  version "1.0.2"
  resolved "https://registry.npmjs.org/has-tostringtag/-/has-tostringtag-1.0.2.tgz"
  integrity sha512-NqADB8VjPFLM2V0VvHUewwwsw0ZWBaIdgo+ieHtK3hasLz4qeCRjYcqfB6AQrBggRKppKF8L52/VqdVsO47Dlw==
  dependencies:
    has-symbols "^1.0.3"

hasown@^2.0.2:
  version "2.0.2"
  resolved "https://registry.npmjs.org/hasown/-/hasown-2.0.2.tgz"
  integrity sha512-0hJU9SCPvmMzIBdZFqNPXWa6dqh7WdH0cII9y+CyS8rG3nL48Bclra9HmKhVVUHyPWNH5Y7xDwAB7bfgSjkUMQ==
  dependencies:
    function-bind "^1.1.2"

humanize-ms@^1.2.1:
  version "1.2.1"
  resolved "https://registry.npmjs.org/humanize-ms/-/humanize-ms-1.2.1.tgz"
  integrity sha512-Fl70vYtsAFb/C06PTS9dZBo7ihau+Tu/DNCk/OyHhea07S+aeMWpFFkUaXRa8fI+ScZbEI8dfSxwY7gxZ9SAVQ==
  dependencies:
    ms "^2.0.0"

math-intrinsics@^1.1.0:
  version "1.1.0"
  resolved "https://registry.npmjs.org/math-intrinsics/-/math-intrinsics-1.1.0.tgz"
  integrity sha512-/IXtbwEk5HTPyEwyKX6hGkYXxM9nbj64B+ilVJnC/R6B0pH5G4V3b0pVbL7DBj4tkhBAppbQUlf6F6Xl9LHu1g==

mime-db@1.52.0:
  version "1.52.0"
  resolved "https://registry.npmjs.org/mime-db/-/mime-db-1.52.0.tgz"
  integrity sha512-sPU4uV7dYlvtWJxwwxHD0PuihVNiE7TyAbQ5SWxDCB9mUYvOgroQOwYQQOKPJ8CIbE+1ETVlOoK1UC2nU3gYvg==

mime-types@^2.1.12:
  version "2.1.35"
  resolved "https://registry.npmjs.org/mime-types/-/mime-types-2.1.35.tgz"
  integrity sha512-ZDY+bPm5zTTF+YpCrAU9nK0UgICYPT0QtT1NZWFv4s++TNkcgVaT0g6+4R2uI4MjQjzysHB1zxuWL50hzaeXiw==
  dependencies:
    mime-db "1.52.0"

ms@^2.0.0:
  version "2.1.3"
  resolved "https://registry.npmjs.org/ms/-/ms-2.1.3.tgz"
  integrity sha512-6FlzubTLZG3J2a/NVCAleEhjzq5oxgHyaCU9yYXvcLsvoVaHJq/s5xXI6/XXP6tz7R9xAOtHnSO/tXtF3WRTlA==

node-domexception@1.0.0:
  version "1.0.0"
  resolved "https://registry.npmjs.org/node-domexception/-/node-domexception-1.0.0.tgz"
  integrity sha512-/jKZoMpw0F8GRwl4/eLROPA3cfcXtLApP0QzLmUT/HuPCZWyB7IY9ZrMeKw2O/nFIqPQB3PVM9aYm0F312AXDQ==

node-fetch@^2.6.7:
  version "2.7.0"
  resolved "https://registry.npmjs.org/node-fetch/-/node-fetch-2.7.0.tgz"
  integrity sha512-c4FRfUm/dbcWZ7U+1Wq0AwCyFL+3nt2bEw05wfxSz+DWpWsitgmSgYmy2dQdWyKC1694ELPqMs/YzUSNozLt8A==
  dependencies:
    whatwg-url "^5.0.0"

openai@^4.20.1:
  version "4.104.0"
  resolved "https://registry.npmjs.org/openai/-/openai-4.104.0.tgz"
  integrity sha512-p99EFNsA/yX6UhVO93f5kJsDRLAg+CTA2RBqdHK4RtK8u5IJw32Hyb2dTGKbnnFmnuoBv5r7Z2CURI9sGZpSuA==
  dependencies:
    "@types/node" "^18.11.18"
    "@types/node-fetch" "^2.6.4"
    abort-controller "^3.0.0"
    agentkeepalive "^4.2.1"
    form-data-encoder "1.7.2"
    formdata-node "^4.3.2"
    node-fetch "^2.6.7"

proxy-from-env@^1.1.0:
  version "1.1.0"
  resolved "https://registry.npmjs.org/proxy-from-env/-/proxy-from-env-1.1.0.tgz"
  integrity sha512-D+zkORCbA9f1tdWRK0RaCR3GPv50cMxcrz4X8k5LTSUD1Dkw47mKJEZQNunItRTkWwgtaUSo1RVFRIG9ZXiFYg==

strnum@^2.1.0:
  version "2.1.1"
  resolved "https://registry.npmjs.org/strnum/-/strnum-2.1.1.tgz"
  integrity sha512-7ZvoFTiCnGxBtDqJ//Cu6fWtZtc7Y3x+QOirG15wztbdngGSkht27o2pyGWrVy0b4WAy3jbKmnoK6g5VlVNUUw==

tr46@~0.0.3:
  version "0.0.3"
  resolved "https://registry.npmjs.org/tr46/-/tr46-0.0.3.tgz"
  integrity sha512-N3WMsuqV66lT30CrXNbEjx4GEwlow3v6rr4mCcv6prnfwhS01rkgyFdjPNBYd9br7LpXV1+Emh01fHnq2Gdgrw==

tslib@^2.6.2:
  version "2.8.1"
  resolved "https://registry.npmjs.org/tslib/-/tslib-2.8.1.tgz"
  integrity sha512-oJFu94HQb+KVduSUQL7wnpmqnfmLsOA/nAh6b6EH0wCEoK0/mPeXU6c3wKDV83MkOuHPRHtSXKKU99IBazS/2w==

typescript@^5.0.0:
  version "5.8.3"
  resolved "https://registry.npmjs.org/typescript/-/typescript-5.8.3.tgz"
  integrity sha512-p1diW6TqL9L07nNxvRMM7hMMw4c5XOo/1ibL4aAIGmSAt9slTE1Xgw5KWuof2uTOvCg9BY7ZRi+GaF+7sfgPeQ==

undici-types@~5.26.4:
  version "5.26.5"
  resolved "https://registry.npmjs.org/undici-types/-/undici-types-5.26.5.tgz"
  integrity sha512-JlCMO+ehdEIKqlFxk6IfVoAUVmgz7cU7zD/h9XZ0qzeosSHmUJVOzSQvvYSYWXkFXC+IfLKSIffhv0sVZup6pA==

undici-types@~6.21.0:
  version "6.21.0"
  resolved "https://registry.npmjs.org/undici-types/-/undici-types-6.21.0.tgz"
  integrity sha512-iwDZqg0QAGrg9Rav5H4n0M64c3mkR59cJ6wQp+7C4nI0gsmExaedaYLNO44eT4AtBBwjbTiGPMlt2Md0T9H9JQ==

undici-types@~7.8.0:
  version "7.8.0"
  resolved "https://registry.npmjs.org/undici-types/-/undici-types-7.8.0.tgz"
  integrity sha512-9UJ2xGDvQ43tYyVMpuHlsgApydB8ZKfVYTsLDhXkFL/6gfkp+U8xTGdh8pMJv1SpZna0zxG1DwsKZsreLbXBxw==

uuid@^9.0.1:
  version "9.0.1"
  resolved "https://registry.npmjs.org/uuid/-/uuid-9.0.1.tgz"
  integrity sha512-b+1eJOlsR9K8HJpow9Ok3fiWOWSIcIzXodvv0rQjVoOVNpWMpxf1wZNpt4y9h10odCNrqnYp1OBzRktckBe3sA==

web-streams-polyfill@4.0.0-beta.3:
  version "4.0.0-beta.3"
  resolved "https://registry.npmjs.org/web-streams-polyfill/-/web-streams-polyfill-4.0.0-beta.3.tgz"
  integrity sha512-QW95TCTaHmsYfHDybGMwO5IJIM93I/6vTRk+daHTWFPhwh+C8Cg7j7XyKrwrj8Ib6vYXe0ocYNrmzY4xAAN6ug==

webidl-conversions@^3.0.0:
  version "3.0.1"
  resolved "https://registry.npmjs.org/webidl-conversions/-/webidl-conversions-3.0.1.tgz"
  integrity sha512-2JAn3z8AR6rjK8Sm8orRC0h/bcl/DqL7tRPdGZ4I1CjdF+EaMLmYxBHyXuKL849eucPFhvBoxMsflfOb8kxaeQ==

whatwg-url@^5.0.0:
  version "5.0.0"
  resolved "https://registry.npmjs.org/whatwg-url/-/whatwg-url-5.0.0.tgz"
  integrity sha512-saE57nupxk6v3HY35+jzBwYa0rKSy0XR8JSxZPwgLr7ys0IBzhGviA1/TUGJLmSVqs8pb9AnvICXEuOHLprYTw==
  dependencies:
    tr46 "~0.0.3"
    webidl-conversions "^3.0.0"
